// !$*UTF8*$!
{
	archiveVersion = 1;
	classes = {
	};
	objectVersion = 50;
	objects = {

/* Begin PBXBuildFile section */
		EB5360A6260EF0AA00D2DB4A /* Styles.swift in Sources */ = {isa = PBXBuildFile; fileRef = EB5360A5260EF0AA00D2DB4A /* Styles.swift */; };
		EB5360B0260EF2AC00D2DB4A /* cart.png in Resources */ = {isa = PBXBuildFile; fileRef = EB5360AF260EF2AC00D2DB4A /* cart.png */; };
		EB5360B2260F0B3A00D2DB4A /* MainScreen.swift in Sources */ = {isa = PBXBuildFile; fileRef = EB5360B1260F0B3A00D2DB4A /* MainScreen.swift */; };
		EB83292B260F761A00596B57 /* SideMenuView.swift in Sources */ = {isa = PBXBuildFile; fileRef = EB83292A260F761A00596B57 /* SideMenuView.swift */; };
		EB83292E260F762E00596B57 /* SideMenuHeaderView.swift in Sources */ = {isa = PBXBuildFile; fileRef = EB83292D260F762E00596B57 /* SideMenuHeaderView.swift */; };
		EB832931260F764400596B57 /* SideMenuOptionView.swift in Sources */ = {isa = PBXBuildFile; fileRef = EB832930260F764400596B57 /* SideMenuOptionView.swift */; };
		EB832934260F765500596B57 /* SideMenuViewModel.swift in Sources */ = {isa = PBXBuildFile; fileRef = EB832933260F765500596B57 /* SideMenuViewModel.swift */; };
		EB832939260FA50300596B57 /* ItemDept.swift in Sources */ = {isa = PBXBuildFile; fileRef = EB832938260FA50200596B57 /* ItemDept.swift */; };
		EB83293D260FC7C000596B57 /* LazyStack.swift in Sources */ = {isa = PBXBuildFile; fileRef = EB83293C260FC7C000596B57 /* LazyStack.swift */; };
		EB832940260FC80B00596B57 /* HViewGrid.swift in Sources */ = {isa = PBXBuildFile; fileRef = EB83293F260FC80B00596B57 /* HViewGrid.swift */; };
		EB832943260FD61800596B57 /* OrdersListView.swift in Sources */ = {isa = PBXBuildFile; fileRef = EB832942260FD61800596B57 /* OrdersListView.swift */; };
		EB832948260FFFD900596B57 /* CartScreen.swift in Sources */ = {isa = PBXBuildFile; fileRef = EB832947260FFFD900596B57 /* CartScreen.swift */; };
		EB83294B260FFFFE00596B57 /* BillAndShipScreen.swift in Sources */ = {isa = PBXBuildFile; fileRef = EB83294A260FFFFE00596B57 /* BillAndShipScreen.swift */; };
		EB83294F2610002600596B57 /* OrderScreen.swift in Sources */ = {isa = PBXBuildFile; fileRef = EB83294E2610002600596B57 /* OrderScreen.swift */; };
		EBD5FE85260D3F44008E85C7 /* AppDelegate.swift in Sources */ = {isa = PBXBuildFile; fileRef = EBD5FE84260D3F44008E85C7 /* AppDelegate.swift */; };
		EBD5FE87260D3F44008E85C7 /* SceneDelegate.swift in Sources */ = {isa = PBXBuildFile; fileRef = EBD5FE86260D3F44008E85C7 /* SceneDelegate.swift */; };
		EBD5FE89260D3F44008E85C7 /* LoginScreen.swift in Sources */ = {isa = PBXBuildFile; fileRef = EBD5FE88260D3F44008E85C7 /* LoginScreen.swift */; };
		EBD5FE8B260D3F45008E85C7 /* Assets.xcassets in Resources */ = {isa = PBXBuildFile; fileRef = EBD5FE8A260D3F45008E85C7 /* Assets.xcassets */; };
		EBD5FE8E260D3F45008E85C7 /* Preview Assets.xcassets in Resources */ = {isa = PBXBuildFile; fileRef = EBD5FE8D260D3F45008E85C7 /* Preview Assets.xcassets */; };
		EBD5FE91260D3F45008E85C7 /* LaunchScreen.storyboard in Resources */ = {isa = PBXBuildFile; fileRef = EBD5FE8F260D3F45008E85C7 /* LaunchScreen.storyboard */; };
/* End PBXBuildFile section */

/* Begin PBXFileReference section */
		EB5360A5260EF0AA00D2DB4A /* Styles.swift */ = {isa = PBXFileReference; lastKnownFileType = sourcecode.swift; path = Styles.swift; sourceTree = "<group>"; };
		EB5360AF260EF2AC00D2DB4A /* cart.png */ = {isa = PBXFileReference; lastKnownFileType = image.png; name = cart.png; path = ../../../../../Downloads/cart.png; sourceTree = "<group>"; };
		EB5360B1260F0B3A00D2DB4A /* MainScreen.swift */ = {isa = PBXFileReference; lastKnownFileType = sourcecode.swift; path = MainScreen.swift; sourceTree = "<group>"; };
		EB83292A260F761A00596B57 /* SideMenuView.swift */ = {isa = PBXFileReference; lastKnownFileType = sourcecode.swift; path = SideMenuView.swift; sourceTree = "<group>"; };
		EB83292D260F762E00596B57 /* SideMenuHeaderView.swift */ = {isa = PBXFileReference; lastKnownFileType = sourcecode.swift; path = SideMenuHeaderView.swift; sourceTree = "<group>"; };
		EB832930260F764400596B57 /* SideMenuOptionView.swift */ = {isa = PBXFileReference; lastKnownFileType = sourcecode.swift; path = SideMenuOptionView.swift; sourceTree = "<group>"; };
		EB832933260F765500596B57 /* SideMenuViewModel.swift */ = {isa = PBXFileReference; lastKnownFileType = sourcecode.swift; path = SideMenuViewModel.swift; sourceTree = "<group>"; };
		EB832938260FA50200596B57 /* ItemDept.swift */ = {isa = PBXFileReference; lastKnownFileType = sourcecode.swift; path = ItemDept.swift; sourceTree = "<group>"; };
		EB83293C260FC7C000596B57 /* LazyStack.swift */ = {isa = PBXFileReference; lastKnownFileType = sourcecode.swift; path = LazyStack.swift; sourceTree = "<group>"; };
		EB83293F260FC80B00596B57 /* HViewGrid.swift */ = {isa = PBXFileReference; lastKnownFileType = sourcecode.swift; path = HViewGrid.swift; sourceTree = "<group>"; };
		EB832942260FD61800596B57 /* OrdersListView.swift */ = {isa = PBXFileReference; lastKnownFileType = sourcecode.swift; path = OrdersListView.swift; sourceTree = "<group>"; };
		EB832947260FFFD900596B57 /* CartScreen.swift */ = {isa = PBXFileReference; lastKnownFileType = sourcecode.swift; path = CartScreen.swift; sourceTree = "<group>"; };
		EB83294A260FFFFE00596B57 /* BillAndShipScreen.swift */ = {isa = PBXFileReference; lastKnownFileType = sourcecode.swift; path = BillAndShipScreen.swift; sourceTree = "<group>"; };
		EB83294E2610002600596B57 /* OrderScreen.swift */ = {isa = PBXFileReference; lastKnownFileType = sourcecode.swift; path = OrderScreen.swift; sourceTree = "<group>"; };
		EBD5FE81260D3F44008E85C7 /* FoodDeliveryApp.app */ = {isa = PBXFileReference; explicitFileType = wrapper.application; includeInIndex = 0; path = FoodDeliveryApp.app; sourceTree = BUILT_PRODUCTS_DIR; };
		EBD5FE84260D3F44008E85C7 /* AppDelegate.swift */ = {isa = PBXFileReference; lastKnownFileType = sourcecode.swift; path = AppDelegate.swift; sourceTree = "<group>"; };
		EBD5FE86260D3F44008E85C7 /* SceneDelegate.swift */ = {isa = PBXFileReference; lastKnownFileType = sourcecode.swift; path = SceneDelegate.swift; sourceTree = "<group>"; };
		EBD5FE88260D3F44008E85C7 /* LoginScreen.swift */ = {isa = PBXFileReference; lastKnownFileType = sourcecode.swift; path = LoginScreen.swift; sourceTree = "<group>"; };
		EBD5FE8A260D3F45008E85C7 /* Assets.xcassets */ = {isa = PBXFileReference; lastKnownFileType = folder.assetcatalog; path = Assets.xcassets; sourceTree = "<group>"; };
		EBD5FE8D260D3F45008E85C7 /* Preview Assets.xcassets */ = {isa = PBXFileReference; lastKnownFileType = folder.assetcatalog; path = "Preview Assets.xcassets"; sourceTree = "<group>"; };
		EBD5FE90260D3F45008E85C7 /* Base */ = {isa = PBXFileReference; lastKnownFileType = file.storyboard; name = Base; path = Base.lproj/LaunchScreen.storyboard; sourceTree = "<group>"; };
		EBD5FE92260D3F45008E85C7 /* Info.plist */ = {isa = PBXFileReference; lastKnownFileType = text.plist.xml; path = Info.plist; sourceTree = "<group>"; };
/* End PBXFileReference section */

/* Begin PBXFrameworksBuildPhase section */
		EBD5FE7E260D3F44008E85C7 /* Frameworks */ = {
			isa = PBXFrameworksBuildPhase;
			buildActionMask = 2147483647;
			files = (
			);
			runOnlyForDeploymentPostprocessing = 0;
		};
/* End PBXFrameworksBuildPhase section */

/* Begin PBXGroup section */
		EB5360A9260EF1D300D2DB4A /* Images */ = {
			isa = PBXGroup;
			children = (
				EB5360AF260EF2AC00D2DB4A /* cart.png */,
			);
			path = Images;
			sourceTree = "<group>";
		};
		EB832936260F768200596B57 /* SideMenu */ = {
			isa = PBXGroup;
			children = (
				EB83292A260F761A00596B57 /* SideMenuView.swift */,
				EB83292D260F762E00596B57 /* SideMenuHeaderView.swift */,
				EB832930260F764400596B57 /* SideMenuOptionView.swift */,
				EB832933260F765500596B57 /* SideMenuViewModel.swift */,
			);
			path = SideMenu;
			sourceTree = "<group>";
		};
		EBD5FE78260D3F44008E85C7 = {
			isa = PBXGroup;
			children = (
				EBD5FE83260D3F44008E85C7 /* FoodDeliveryApp */,
				EBD5FE82260D3F44008E85C7 /* Products */,
			);
			sourceTree = "<group>";
		};
		EBD5FE82260D3F44008E85C7 /* Products */ = {
			isa = PBXGroup;
			children = (
				EBD5FE81260D3F44008E85C7 /* FoodDeliveryApp.app */,
			);
			name = Products;
			sourceTree = "<group>";
		};
		EBD5FE83260D3F44008E85C7 /* FoodDeliveryApp */ = {
			isa = PBXGroup;
			children = (
				EB5360A9260EF1D300D2DB4A /* Images */,
				EBD5FE84260D3F44008E85C7 /* AppDelegate.swift */,
				EBD5FE86260D3F44008E85C7 /* SceneDelegate.swift */,
				EBD5FE88260D3F44008E85C7 /* LoginScreen.swift */,
				EB5360B1260F0B3A00D2DB4A /* MainScreen.swift */,
				EB832938260FA50200596B57 /* ItemDept.swift */,
				EB832942260FD61800596B57 /* OrdersListView.swift */,
				EB832947260FFFD900596B57 /* CartScreen.swift */,
				EB83294A260FFFFE00596B57 /* BillAndShipScreen.swift */,
				EB83294E2610002600596B57 /* OrderScreen.swift */,
				EB832936260F768200596B57 /* SideMenu */,
				EB5360A5260EF0AA00D2DB4A /* Styles.swift */,
				EBD5FE8A260D3F45008E85C7 /* Assets.xcassets */,
				EBD5FE8F260D3F45008E85C7 /* LaunchScreen.storyboard */,
				EBD5FE92260D3F45008E85C7 /* Info.plist */,
				EBD5FE8C260D3F45008E85C7 /* Preview Content */,
				EB83293C260FC7C000596B57 /* LazyStack.swift */,
				EB83293F260FC80B00596B57 /* HViewGrid.swift */,
			);
			path = FoodDeliveryApp;
			sourceTree = "<group>";
		};
		EBD5FE8C260D3F45008E85C7 /* Preview Content */ = {
			isa = PBXGroup;
			children = (
				EBD5FE8D260D3F45008E85C7 /* Preview Assets.xcassets */,
			);
			path = "Preview Content";
			sourceTree = "<group>";
		};
/* End PBXGroup section */

/* Begin PBXNativeTarget section */
		EBD5FE80260D3F44008E85C7 /* FoodDeliveryApp */ = {
			isa = PBXNativeTarget;
			buildConfigurationList = EBD5FE95260D3F45008E85C7 /* Build configuration list for PBXNativeTarget "FoodDeliveryApp" */;
			buildPhases = (
				EBD5FE7D260D3F44008E85C7 /* Sources */,
				EBD5FE7E260D3F44008E85C7 /* Frameworks */,
				EBD5FE7F260D3F44008E85C7 /* Resources */,
			);
			buildRules = (
			);
			dependencies = (
			);
			name = FoodDeliveryApp;
			productName = FoodDeliveryApp;
			productReference = EBD5FE81260D3F44008E85C7 /* FoodDeliveryApp.app */;
			productType = "com.apple.product-type.application";
		};
/* End PBXNativeTarget section */

/* Begin PBXProject section */
		EBD5FE79260D3F44008E85C7 /* Project object */ = {
			isa = PBXProject;
			attributes = {
				LastSwiftUpdateCheck = 1160;
				LastUpgradeCheck = 1160;
				ORGANIZATIONNAME = "Madhav Jaisankar";
				TargetAttributes = {
					EBD5FE80260D3F44008E85C7 = {
						CreatedOnToolsVersion = 11.6;
					};
				};
			};
			buildConfigurationList = EBD5FE7C260D3F44008E85C7 /* Build configuration list for PBXProject "FoodDeliveryApp" */;
			compatibilityVersion = "Xcode 9.3";
			developmentRegion = en;
			hasScannedForEncodings = 0;
			knownRegions = (
				en,
				Base,
			);
			mainGroup = EBD5FE78260D3F44008E85C7;
			productRefGroup = EBD5FE82260D3F44008E85C7 /* Products */;
			projectDirPath = "";
			projectRoot = "";
			targets = (
				EBD5FE80260D3F44008E85C7 /* FoodDeliveryApp */,
			);
		};
/* End PBXProject section */

/* Begin PBXResourcesBuildPhase section */
		EBD5FE7F260D3F44008E85C7 /* Resources */ = {
			isa = PBXResourcesBuildPhase;
			buildActionMask = 2147483647;
			files = (
				EBD5FE91260D3F45008E85C7 /* LaunchScreen.storyboard in Resources */,
				EB5360B0260EF2AC00D2DB4A /* cart.png in Resources */,
				EBD5FE8E260D3F45008E85C7 /* Preview Assets.xcassets in Resources */,
				EBD5FE8B260D3F45008E85C7 /* Assets.xcassets in Resources */,
			);
			runOnlyForDeploymentPostprocessing = 0;
		};
/* End PBXResourcesBuildPhase section */

/* Begin PBXSourcesBuildPhase section */
		EBD5FE7D260D3F44008E85C7 /* Sources */ = {
			isa = PBXSourcesBuildPhase;
			buildActionMask = 2147483647;
			files = (
				EB83292B260F761A00596B57 /* SideMenuView.swift in Sources */,
				EB832931260F764400596B57 /* SideMenuOptionView.swift in Sources */,
				EB83292E260F762E00596B57 /* SideMenuHeaderView.swift in Sources */,
				EB832943260FD61800596B57 /* OrdersListView.swift in Sources */,
				EB832940260FC80B00596B57 /* HViewGrid.swift in Sources */,
				EBD5FE85260D3F44008E85C7 /* AppDelegate.swift in Sources */,
				EB832934260F765500596B57 /* SideMenuViewModel.swift in Sources */,
				EBD5FE87260D3F44008E85C7 /* SceneDelegate.swift in Sources */,
				EB83294F2610002600596B57 /* OrderScreen.swift in Sources */,
				EB83294B260FFFFE00596B57 /* BillAndShipScreen.swift in Sources */,
				EB5360B2260F0B3A00D2DB4A /* MainScreen.swift in Sources */,
				EB832939260FA50300596B57 /* ItemDept.swift in Sources */,
				EB83293D260FC7C000596B57 /* LazyStack.swift in Sources */,
				EB832948260FFFD900596B57 /* CartScreen.swift in Sources */,
				EBD5FE89260D3F44008E85C7 /* LoginScreen.swift in Sources */,
				EB5360A6260EF0AA00D2DB4A /* Styles.swift in Sources */,
			);
			runOnlyForDeploymentPostprocessing = 0;
		};
/* End PBXSourcesBuildPhase section */

/* Begin PBXVariantGroup section */
		EBD5FE8F260D3F45008E85C7 /* LaunchScreen.storyboard */ = {
			isa = PBXVariantGroup;
			children = (
				EBD5FE90260D3F45008E85C7 /* Base */,
			);
			name = LaunchScreen.storyboard;
			sourceTree = "<group>";
		};
/* End PBXVariantGroup section */

/* Begin XCBuildConfiguration section */
		EBD5FE93260D3F45008E85C7 /* Debug */ = {
			isa = XCBuildConfiguration;
			buildSettings = {
				ALWAYS_SEARCH_USER_PATHS = NO;
				CLANG_ANALYZER_NONNULL = YES;
				CLANG_ANALYZER_NUMBER_OBJECT_CONVERSION = YES_AGGRESSIVE;
				CLANG_CXX_LANGUAGE_STANDARD = "gnu++14";
				CLANG_CXX_LIBRARY = "libc++";
				CLANG_ENABLE_MODULES = YES;
				CLANG_ENABLE_OBJC_ARC = YES;
				CLANG_ENABLE_OBJC_WEAK = YES;
				CLANG_WARN_BLOCK_CAPTURE_AUTORELEASING = YES;
				CLANG_WARN_BOOL_CONVERSION = YES;
				CLANG_WARN_COMMA = YES;
				CLANG_WARN_CONSTANT_CONVERSION = YES;
				CLANG_WARN_DEPRECATED_OBJC_IMPLEMENTATIONS = YES;
				CLANG_WARN_DIRECT_OBJC_ISA_USAGE = YES_ERROR;
				CLANG_WARN_DOCUMENTATION_COMMENTS = YES;
				CLANG_WARN_EMPTY_BODY = YES;
				CLANG_WARN_ENUM_CONVERSION = YES;
				CLANG_WARN_INFINITE_RECURSION = YES;
				CLANG_WARN_INT_CONVERSION = YES;
				CLANG_WARN_NON_LITERAL_NULL_CONVERSION = YES;
				CLANG_WARN_OBJC_IMPLICIT_RETAIN_SELF = YES;
				CLANG_WARN_OBJC_LITERAL_CONVERSION = YES;
				CLANG_WARN_OBJC_ROOT_CLASS = YES_ERROR;
				CLANG_WARN_RANGE_LOOP_ANALYSIS = YES;
				CLANG_WARN_STRICT_PROTOTYPES = YES;
				CLANG_WARN_SUSPICIOUS_MOVE = YES;
				CLANG_WARN_UNGUARDED_AVAILABILITY = YES_AGGRESSIVE;
				CLANG_WARN_UNREACHABLE_CODE = YES;
				CLANG_WARN__DUPLICATE_METHOD_MATCH = YES;
				COPY_PHASE_STRIP = NO;
				DEBUG_INFORMATION_FORMAT = dwarf;
				ENABLE_STRICT_OBJC_MSGSEND = YES;
				ENABLE_TESTABILITY = YES;
				GCC_C_LANGUAGE_STANDARD = gnu11;
				GCC_DYNAMIC_NO_PIC = NO;
				GCC_NO_COMMON_BLOCKS = YES;
				GCC_OPTIMIZATION_LEVEL = 0;
				GCC_PREPROCESSOR_DEFINITIONS = (
					"DEBUG=1",
					"$(inherited)",
				);
				GCC_WARN_64_TO_32_BIT_CONVERSION = YES;
				GCC_WARN_ABOUT_RETURN_TYPE = YES_ERROR;
				GCC_WARN_UNDECLARED_SELECTOR = YES;
				GCC_WARN_UNINITIALIZED_AUTOS = YES_AGGRESSIVE;
				GCC_WARN_UNUSED_FUNCTION = YES;
				GCC_WARN_UNUSED_VARIABLE = YES;
				IPHONEOS_DEPLOYMENT_TARGET = 14.4;
				MTL_ENABLE_DEBUG_INFO = INCLUDE_SOURCE;
				MTL_FAST_MATH = YES;
				ONLY_ACTIVE_ARCH = YES;
				SDKROOT = iphoneos;
				SWIFT_ACTIVE_COMPILATION_CONDITIONS = DEBUG;
				SWIFT_OPTIMIZATION_LEVEL = "-Onone";
			};
			name = Debug;
		};
		EBD5FE94260D3F45008E85C7 /* Release */ = {
			isa = XCBuildConfiguration;
			buildSettings = {
				ALWAYS_SEARCH_USER_PATHS = NO;
				CLANG_ANALYZER_NONNULL = YES;
				CLANG_ANALYZER_NUMBER_OBJECT_CONVERSION = YES_AGGRESSIVE;
				CLANG_CXX_LANGUAGE_STANDARD = "gnu++14";
				CLANG_CXX_LIBRARY = "libc++";
				CLANG_ENABLE_MODULES = YES;
				CLANG_ENABLE_OBJC_ARC = YES;
				CLANG_ENABLE_OBJC_WEAK = YES;
				CLANG_WARN_BLOCK_CAPTURE_AUTORELEASING = YES;
				CLANG_WARN_BOOL_CONVERSION = YES;
				CLANG_WARN_COMMA = YES;
				CLANG_WARN_CONSTANT_CONVERSION = YES;
				CLANG_WARN_DEPRECATED_OBJC_IMPLEMENTATIONS = YES;
				CLANG_WARN_DIRECT_OBJC_ISA_USAGE = YES_ERROR;
				CLANG_WARN_DOCUMENTATION_COMMENTS = YES;
				CLANG_WARN_EMPTY_BODY = YES;
				CLANG_WARN_ENUM_CONVERSION = YES;
				CLANG_WARN_INFINITE_RECURSION = YES;
				CLANG_WARN_INT_CONVERSION = YES;
				CLANG_WARN_NON_LITERAL_NULL_CONVERSION = YES;
				CLANG_WARN_OBJC_IMPLICIT_RETAIN_SELF = YES;
				CLANG_WARN_OBJC_LITERAL_CONVERSION = YES;
				CLANG_WARN_OBJC_ROOT_CLASS = YES_ERROR;
				CLANG_WARN_RANGE_LOOP_ANALYSIS = YES;
				CLANG_WARN_STRICT_PROTOTYPES = YES;
				CLANG_WARN_SUSPICIOUS_MOVE = YES;
				CLANG_WARN_UNGUARDED_AVAILABILITY = YES_AGGRESSIVE;
				CLANG_WARN_UNREACHABLE_CODE = YES;
				CLANG_WARN__DUPLICATE_METHOD_MATCH = YES;
				COPY_PHASE_STRIP = NO;
				DEBUG_INFORMATION_FORMAT = "dwarf-with-dsym";
				ENABLE_NS_ASSERTIONS = NO;
				ENABLE_STRICT_OBJC_MSGSEND = YES;
				GCC_C_LANGUAGE_STANDARD = gnu11;
				GCC_NO_COMMON_BLOCKS = YES;
				GCC_WARN_64_TO_32_BIT_CONVERSION = YES;
				GCC_WARN_ABOUT_RETURN_TYPE = YES_ERROR;
				GCC_WARN_UNDECLARED_SELECTOR = YES;
				GCC_WARN_UNINITIALIZED_AUTOS = YES_AGGRESSIVE;
				GCC_WARN_UNUSED_FUNCTION = YES;
				GCC_WARN_UNUSED_VARIABLE = YES;
				IPHONEOS_DEPLOYMENT_TARGET = 14.4;
				MTL_ENABLE_DEBUG_INFO = NO;
				MTL_FAST_MATH = YES;
				SDKROOT = iphoneos;
				SWIFT_COMPILATION_MODE = wholemodule;
				SWIFT_OPTIMIZATION_LEVEL = "-O";
				VALIDATE_PRODUCT = YES;
			};
			name = Release;
		};
		EBD5FE96260D3F45008E85C7 /* Debug */ = {
			isa = XCBuildConfiguration;
			buildSettings = {
				ASSETCATALOG_COMPILER_APPICON_NAME = AppIcon;
				CODE_SIGN_STYLE = Automatic;
				DEVELOPMENT_ASSET_PATHS = "\"FoodDeliveryApp/Preview Content\"";
				DEVELOPMENT_TEAM = KNVK8737NT;
				ENABLE_PREVIEWS = YES;
				INFOPLIST_FILE = FoodDeliveryApp/Info.plist;
				LD_RUNPATH_SEARCH_PATHS = (
					"$(inherited)",
					"@executable_path/Frameworks",
				);
				PRODUCT_BUNDLE_IDENTIFIER = com.mj247.FoodDeliveryApp;
				PRODUCT_NAME = "$(TARGET_NAME)";
				SWIFT_VERSION = 5.0;
				TARGETED_DEVICE_FAMILY = "1,2";
			};
			name = Debug;
		};
		EBD5FE97260D3F45008E85C7 /* Release */ = {
			isa = XCBuildConfiguration;
			buildSettings = {
				ASSETCATALOG_COMPILER_APPICON_NAME = AppIcon;
				CODE_SIGN_STYLE = Automatic;
				DEVELOPMENT_ASSET_PATHS = "\"FoodDeliveryApp/Preview Content\"";
				DEVELOPMENT_TEAM = KNVK8737NT;
				ENABLE_PREVIEWS = YES;
				INFOPLIST_FILE = FoodDeliveryApp/Info.plist;
				LD_RUNPATH_SEARCH_PATHS = (
					"$(inherited)",
					"@executable_path/Frameworks",
				);
				PRODUCT_BUNDLE_IDENTIFIER = com.mj247.FoodDeliveryApp;
				PRODUCT_NAME = "$(TARGET_NAME)";
				SWIFT_VERSION = 5.0;
				TARGETED_DEVICE_FAMILY = "1,2";
			};
			name = Release;
		};
/* End XCBuildConfiguration section */

/* Begin XCConfigurationList section */
		EBD5FE7C260D3F44008E85C7 /* Build configuration list for PBXProject "FoodDeliveryApp" */ = {
			isa = XCConfigurationList;
			buildConfigurations = (
				EBD5FE93260D3F45008E85C7 /* Debug */,
				EBD5FE94260D3F45008E85C7 /* Release */,
			);
			defaultConfigurationIsVisible = 0;
			defaultConfigurationName = Release;
		};
		EBD5FE95260D3F45008E85C7 /* Build configuration list for PBXNativeTarget "FoodDeliveryApp" */ = {
			isa = XCConfigurationList;
			buildConfigurations = (
				EBD5FE96260D3F45008E85C7 /* Debug */,
				EBD5FE97260D3F45008E85C7 /* Release */,
			);
			defaultConfigurationIsVisible = 0;
			defaultConfigurationName = Release;
		};
/* End XCConfigurationList section */
	};
	rootObject = EBD5FE79260D3F44008E85C7 /* Project object */;
}
